
Microsoft Visual Studio Solution File, Format Version 12.00
# Visual Studio Version 16
VisualStudioVersion = 16.0.31624.102
MinimumVisualStudioVersion = 10.0.40219.1
Project("{FAE04EC0-301F-11D3-BF4B-00C04F79EFBC}") = "BookContractLibrary", "BookContractLibrary\BookContractLibrary.csproj", "{587074C9-DB5F-4D47-985E-8FD1E49C1749}"
EndProject
Global
	GlobalSection(SolutionConfigurationPlatforms) = preSolution
		Debug|Any CPU = Debug|Any CPU
		Release|Any CPU = Release|Any CPU
	EndGlobalSection
	GlobalSection(ProjectConfigurationPlatforms) = postSolution
		{587074C9-DB5F-4D47-985E-8FD1E49C1749}.Debug|Any CPU.ActiveCfg = Debug|Any CPU
		{587074C9-DB5F-4D47-985E-8FD1E49C1749}.Debug|Any CPU.Build.0 = Debug|Any CPU
		{587074C9-DB5F-4D47-985E-8FD1E49C1749}.Release|Any CPU.ActiveCfg = Release|Any CPU
		{587074C9-DB5F-4D47-985E-8FD1E49C1749}.Release|Any CPU.Build.0 = Release|Any CPU
	EndGlobalSection
	GlobalSection(SolutionProperties) = preSolution
		HideSolutionNode = FALSE
	EndGlobalSection
	GlobalSection(ExtensibilityGlobals) = postSolution
		SolutionGuid = {B19851D7-1378-4EC3-A709-89E4E10ABD8E}
	EndGlobalSection
EndGlobal
